{
  "name": "codekit-project",
  "version": "1.0.0",
  "lockfileVersion": 3,
  "requires": true,
  "packages": {
    "": {
      "name": "codekit-project",
      "version": "1.0.0",
      "license": "UNLICENSED",
      "dependencies": {
        "read-smore": "^2.5.1"
      }
    },
    "node_modules/read-smore": {
      "version": "2.5.1",
      "resolved": "https://registry.npmjs.org/read-smore/-/read-smore-2.5.1.tgz",
      "integrity": "sha512-H6CMaZZt8fuAloii//NX+jnhV5EZEw/OikyWREY8C3pQRqBsVmNRY6DEyX2PKeHMXDfNOt4pIP0jcgGr5bS+bA=="
    }
  }
}
